
Microsoft Visual Studio Solution File, Format Version 12.00
# Visual Studio 15
VisualStudioVersion = 15.0.27703.2026
MinimumVisualStudioVersion = 10.0.40219.1
Project("{FAE04EC0-301F-11D3-BF4B-00C04F79EFBC}") = "ListView_1", "ListView_1\ListView_1.csproj", "{A356BA44-0479-46DA-9700-D250DF7ED93D}"
EndProject
Global
	GlobalSection(SolutionConfigurationPlatforms) = preSolution
		Debug|Any CPU = Debug|Any CPU
		Release|Any CPU = Release|Any CPU
	EndGlobalSection
	GlobalSection(ProjectConfigurationPlatforms) = postSolution
		{A356BA44-0479-46DA-9700-D250DF7ED93D}.Debug|Any CPU.ActiveCfg = Debug|Any CPU
		{A356BA44-0479-46DA-9700-D250DF7ED93D}.Debug|Any CPU.Build.0 = Debug|Any CPU
		{A356BA44-0479-46DA-9700-D250DF7ED93D}.Debug|Any CPU.Deploy.0 = Debug|Any CPU
		{A356BA44-0479-46DA-9700-D250DF7ED93D}.Release|Any CPU.ActiveCfg = Release|Any CPU
		{A356BA44-0479-46DA-9700-D250DF7ED93D}.Release|Any CPU.Build.0 = Release|Any CPU
		{A356BA44-0479-46DA-9700-D250DF7ED93D}.Release|Any CPU.Deploy.0 = Release|Any CPU
	EndGlobalSection
	GlobalSection(SolutionProperties) = preSolution
		HideSolutionNode = FALSE
	EndGlobalSection
	GlobalSection(ExtensibilityGlobals) = postSolution
		SolutionGuid = {EB7AA6CF-7034-49C1-AD91-6986D426FC6C}
	EndGlobalSection
EndGlobal
